// !$*UTF8*$!
{
	archiveVersion = 1;
	classes = {
	};
	objectVersion = 50;
	objects = {

/* Begin PBXBuildFile section */
		1CCFA5292665252D00606E4D /* CustomFontDemoApp.swift in Sources */ = {isa = PBXBuildFile; fileRef = 1CCFA5282665252D00606E4D /* CustomFontDemoApp.swift */; };
		1CCFA52B2665252D00606E4D /* ContentView.swift in Sources */ = {isa = PBXBuildFile; fileRef = 1CCFA52A2665252D00606E4D /* ContentView.swift */; };
		1CCFA52D2665253500606E4D /* Assets.xcassets in Resources */ = {isa = PBXBuildFile; fileRef = 1CCFA52C2665253500606E4D /* Assets.xcassets */; };
		1CCFA5302665253500606E4D /* Preview Assets.xcassets in Resources */ = {isa = PBXBuildFile; fileRef = 1CCFA52F2665253500606E4D /* Preview Assets.xcassets */; };
		1CCFA5462665272B00606E4D /* Avenir-MediumOblique-10.ttf in Resources */ = {isa = PBXBuildFile; fileRef = 1CCFA53A2665272A00606E4D /* Avenir-MediumOblique-10.ttf */; };
		1CCFA5472665272B00606E4D /* Avenir-Oblique-11.ttf in Resources */ = {isa = PBXBuildFile; fileRef = 1CCFA53B2665272A00606E4D /* Avenir-Oblique-11.ttf */; };
		1CCFA5482665272B00606E4D /* Avenir-Medium-09.ttf in Resources */ = {isa = PBXBuildFile; fileRef = 1CCFA53C2665272A00606E4D /* Avenir-Medium-09.ttf */; };
		1CCFA5492665272B00606E4D /* Avenir-Heavy-05.ttf in Resources */ = {isa = PBXBuildFile; fileRef = 1CCFA53D2665272A00606E4D /* Avenir-Heavy-05.ttf */; };
		1CCFA54A2665272B00606E4D /* Avenir-Roman-12.ttf in Resources */ = {isa = PBXBuildFile; fileRef = 1CCFA53E2665272A00606E4D /* Avenir-Roman-12.ttf */; };
		1CCFA54B2665272B00606E4D /* Avenir-LightOblique-08.ttf in Resources */ = {isa = PBXBuildFile; fileRef = 1CCFA53F2665272A00606E4D /* Avenir-LightOblique-08.ttf */; };
		1CCFA54C2665272B00606E4D /* Avenir-Light-07.ttf in Resources */ = {isa = PBXBuildFile; fileRef = 1CCFA5402665272A00606E4D /* Avenir-Light-07.ttf */; };
		1CCFA54D2665272B00606E4D /* Avenir-Black-03.ttf in Resources */ = {isa = PBXBuildFile; fileRef = 1CCFA5412665272A00606E4D /* Avenir-Black-03.ttf */; };
		1CCFA54E2665272B00606E4D /* Avenir-BlackOblique-04.ttf in Resources */ = {isa = PBXBuildFile; fileRef = 1CCFA5422665272A00606E4D /* Avenir-BlackOblique-04.ttf */; };
		1CCFA54F2665272B00606E4D /* Avenir-HeavyOblique-06.ttf in Resources */ = {isa = PBXBuildFile; fileRef = 1CCFA5432665272B00606E4D /* Avenir-HeavyOblique-06.ttf */; };
		1CCFA5502665272B00606E4D /* Avenir-Book-01.ttf in Resources */ = {isa = PBXBuildFile; fileRef = 1CCFA5442665272B00606E4D /* Avenir-Book-01.ttf */; };
		1CCFA5512665272B00606E4D /* Avenir-BookOblique-02.ttf in Resources */ = {isa = PBXBuildFile; fileRef = 1CCFA5452665272B00606E4D /* Avenir-BookOblique-02.ttf */; };
		1CCFA55526656E7D00606E4D /* Convenient.swift in Sources */ = {isa = PBXBuildFile; fileRef = 1CCFA55426656E7D00606E4D /* Convenient.swift */; };
/* End PBXBuildFile section */

/* Begin PBXFileReference section */
		1CCFA5252665252D00606E4D /* CustomFontDemo.app */ = {isa = PBXFileReference; explicitFileType = wrapper.application; includeInIndex = 0; path = CustomFontDemo.app; sourceTree = BUILT_PRODUCTS_DIR; };
		1CCFA5282665252D00606E4D /* CustomFontDemoApp.swift */ = {isa = PBXFileReference; lastKnownFileType = sourcecode.swift; path = CustomFontDemoApp.swift; sourceTree = "<group>"; };
		1CCFA52A2665252D00606E4D /* ContentView.swift */ = {isa = PBXFileReference; lastKnownFileType = sourcecode.swift; path = ContentView.swift; sourceTree = "<group>"; };
		1CCFA52C2665253500606E4D /* Assets.xcassets */ = {isa = PBXFileReference; lastKnownFileType = folder.assetcatalog; path = Assets.xcassets; sourceTree = "<group>"; };
		1CCFA52F2665253500606E4D /* Preview Assets.xcassets */ = {isa = PBXFileReference; lastKnownFileType = folder.assetcatalog; path = "Preview Assets.xcassets"; sourceTree = "<group>"; };
		1CCFA5312665253500606E4D /* Info.plist */ = {isa = PBXFileReference; lastKnownFileType = text.plist.xml; path = Info.plist; sourceTree = "<group>"; };
		1CCFA53A2665272A00606E4D /* Avenir-MediumOblique-10.ttf */ = {isa = PBXFileReference; lastKnownFileType = file; path = "Avenir-MediumOblique-10.ttf"; sourceTree = "<group>"; };
		1CCFA53B2665272A00606E4D /* Avenir-Oblique-11.ttf */ = {isa = PBXFileReference; lastKnownFileType = file; path = "Avenir-Oblique-11.ttf"; sourceTree = "<group>"; };
		1CCFA53C2665272A00606E4D /* Avenir-Medium-09.ttf */ = {isa = PBXFileReference; lastKnownFileType = file; path = "Avenir-Medium-09.ttf"; sourceTree = "<group>"; };
		1CCFA53D2665272A00606E4D /* Avenir-Heavy-05.ttf */ = {isa = PBXFileReference; lastKnownFileType = file; path = "Avenir-Heavy-05.ttf"; sourceTree = "<group>"; };
		1CCFA53E2665272A00606E4D /* Avenir-Roman-12.ttf */ = {isa = PBXFileReference; lastKnownFileType = file; path = "Avenir-Roman-12.ttf"; sourceTree = "<group>"; };
		1CCFA53F2665272A00606E4D /* Avenir-LightOblique-08.ttf */ = {isa = PBXFileReference; lastKnownFileType = file; path = "Avenir-LightOblique-08.ttf"; sourceTree = "<group>"; };
		1CCFA5402665272A00606E4D /* Avenir-Light-07.ttf */ = {isa = PBXFileReference; lastKnownFileType = file; path = "Avenir-Light-07.ttf"; sourceTree = "<group>"; };
		1CCFA5412665272A00606E4D /* Avenir-Black-03.ttf */ = {isa = PBXFileReference; lastKnownFileType = file; path = "Avenir-Black-03.ttf"; sourceTree = "<group>"; };
		1CCFA5422665272A00606E4D /* Avenir-BlackOblique-04.ttf */ = {isa = PBXFileReference; lastKnownFileType = file; path = "Avenir-BlackOblique-04.ttf"; sourceTree = "<group>"; };
		1CCFA5432665272B00606E4D /* Avenir-HeavyOblique-06.ttf */ = {isa = PBXFileReference; lastKnownFileType = file; path = "Avenir-HeavyOblique-06.ttf"; sourceTree = "<group>"; };
		1CCFA5442665272B00606E4D /* Avenir-Book-01.ttf */ = {isa = PBXFileReference; lastKnownFileType = file; path = "Avenir-Book-01.ttf"; sourceTree = "<group>"; };
		1CCFA5452665272B00606E4D /* Avenir-BookOblique-02.ttf */ = {isa = PBXFileReference; lastKnownFileType = file; path = "Avenir-BookOblique-02.ttf"; sourceTree = "<group>"; };
		1CCFA55426656E7D00606E4D /* Convenient.swift */ = {isa = PBXFileReference; lastKnownFileType = sourcecode.swift; path = Convenient.swift; sourceTree = "<group>"; };
/* End PBXFileReference section */

/* Begin PBXFrameworksBuildPhase section */
		1CCFA5222665252D00606E4D /* Frameworks */ = {
			isa = PBXFrameworksBuildPhase;
			buildActionMask = 2147483647;
			files = (
			);
			runOnlyForDeploymentPostprocessing = 0;
		};
/* End PBXFrameworksBuildPhase section */

/* Begin PBXGroup section */
		1CCFA51C2665252D00606E4D = {
			isa = PBXGroup;
			children = (
				1CCFA5272665252D00606E4D /* CustomFontDemo */,
				1CCFA5262665252D00606E4D /* Products */,
			);
			sourceTree = "<group>";
		};
		1CCFA5262665252D00606E4D /* Products */ = {
			isa = PBXGroup;
			children = (
				1CCFA5252665252D00606E4D /* CustomFontDemo.app */,
			);
			name = Products;
			sourceTree = "<group>";
		};
		1CCFA5272665252D00606E4D /* CustomFontDemo */ = {
			isa = PBXGroup;
			children = (
				1CCFA538266526CE00606E4D /* Fonts */,
				1CCFA5282665252D00606E4D /* CustomFontDemoApp.swift */,
				1CCFA52A2665252D00606E4D /* ContentView.swift */,
				1CCFA52C2665253500606E4D /* Assets.xcassets */,
				1CCFA5312665253500606E4D /* Info.plist */,
				1CCFA52E2665253500606E4D /* Preview Content */,
				1CCFA55426656E7D00606E4D /* Convenient.swift */,
			);
			path = CustomFontDemo;
			sourceTree = "<group>";
		};
		1CCFA52E2665253500606E4D /* Preview Content */ = {
			isa = PBXGroup;
			children = (
				1CCFA52F2665253500606E4D /* Preview Assets.xcassets */,
			);
			path = "Preview Content";
			sourceTree = "<group>";
		};
		1CCFA538266526CE00606E4D /* Fonts */ = {
			isa = PBXGroup;
			children = (
				1CCFA539266526D400606E4D /* Avenir */,
			);
			path = Fonts;
			sourceTree = "<group>";
		};
		1CCFA539266526D400606E4D /* Avenir */ = {
			isa = PBXGroup;
			children = (
				1CCFA5412665272A00606E4D /* Avenir-Black-03.ttf */,
				1CCFA5422665272A00606E4D /* Avenir-BlackOblique-04.ttf */,
				1CCFA5442665272B00606E4D /* Avenir-Book-01.ttf */,
				1CCFA5452665272B00606E4D /* Avenir-BookOblique-02.ttf */,
				1CCFA53D2665272A00606E4D /* Avenir-Heavy-05.ttf */,
				1CCFA5432665272B00606E4D /* Avenir-HeavyOblique-06.ttf */,
				1CCFA5402665272A00606E4D /* Avenir-Light-07.ttf */,
				1CCFA53F2665272A00606E4D /* Avenir-LightOblique-08.ttf */,
				1CCFA53C2665272A00606E4D /* Avenir-Medium-09.ttf */,
				1CCFA53A2665272A00606E4D /* Avenir-MediumOblique-10.ttf */,
				1CCFA53B2665272A00606E4D /* Avenir-Oblique-11.ttf */,
				1CCFA53E2665272A00606E4D /* Avenir-Roman-12.ttf */,
			);
			path = Avenir;
			sourceTree = "<group>";
		};
/* End PBXGroup section */

/* Begin PBXNativeTarget section */
		1CCFA5242665252D00606E4D /* CustomFontDemo */ = {
			isa = PBXNativeTarget;
			buildConfigurationList = 1CCFA5342665253500606E4D /* Build configuration list for PBXNativeTarget "CustomFontDemo" */;
			buildPhases = (
				1CCFA5212665252D00606E4D /* Sources */,
				1CCFA5222665252D00606E4D /* Frameworks */,
				1CCFA5232665252D00606E4D /* Resources */,
			);
			buildRules = (
			);
			dependencies = (
			);
			name = CustomFontDemo;
			productName = CustomFontDemo;
			productReference = 1CCFA5252665252D00606E4D /* CustomFontDemo.app */;
			productType = "com.apple.product-type.application";
		};
/* End PBXNativeTarget section */

/* Begin PBXProject section */
		1CCFA51D2665252D00606E4D /* Project object */ = {
			isa = PBXProject;
			attributes = {
				LastSwiftUpdateCheck = 1240;
				LastUpgradeCheck = 1240;
				TargetAttributes = {
					1CCFA5242665252D00606E4D = {
						CreatedOnToolsVersion = 12.4;
					};
				};
			};
			buildConfigurationList = 1CCFA5202665252D00606E4D /* Build configuration list for PBXProject "CustomFontDemo" */;
			compatibilityVersion = "Xcode 9.3";
			developmentRegion = en;
			hasScannedForEncodings = 0;
			knownRegions = (
				en,
				Base,
			);
			mainGroup = 1CCFA51C2665252D00606E4D;
			productRefGroup = 1CCFA5262665252D00606E4D /* Products */;
			projectDirPath = "";
			projectRoot = "";
			targets = (
				1CCFA5242665252D00606E4D /* CustomFontDemo */,
			);
		};
/* End PBXProject section */

/* Begin PBXResourcesBuildPhase section */
		1CCFA5232665252D00606E4D /* Resources */ = {
			isa = PBXResourcesBuildPhase;
			buildActionMask = 2147483647;
			files = (
				1CCFA5492665272B00606E4D /* Avenir-Heavy-05.ttf in Resources */,
				1CCFA54F2665272B00606E4D /* Avenir-HeavyOblique-06.ttf in Resources */,
				1CCFA5502665272B00606E4D /* Avenir-Book-01.ttf in Resources */,
				1CCFA5302665253500606E4D /* Preview Assets.xcassets in Resources */,
				1CCFA5482665272B00606E4D /* Avenir-Medium-09.ttf in Resources */,
				1CCFA54E2665272B00606E4D /* Avenir-BlackOblique-04.ttf in Resources */,
				1CCFA5462665272B00606E4D /* Avenir-MediumOblique-10.ttf in Resources */,
				1CCFA54A2665272B00606E4D /* Avenir-Roman-12.ttf in Resources */,
				1CCFA52D2665253500606E4D /* Assets.xcassets in Resources */,
				1CCFA54D2665272B00606E4D /* Avenir-Black-03.ttf in Resources */,
				1CCFA5512665272B00606E4D /* Avenir-BookOblique-02.ttf in Resources */,
				1CCFA54C2665272B00606E4D /* Avenir-Light-07.ttf in Resources */,
				1CCFA54B2665272B00606E4D /* Avenir-LightOblique-08.ttf in Resources */,
				1CCFA5472665272B00606E4D /* Avenir-Oblique-11.ttf in Resources */,
			);
			runOnlyForDeploymentPostprocessing = 0;
		};
/* End PBXResourcesBuildPhase section */

/* Begin PBXSourcesBuildPhase section */
		1CCFA5212665252D00606E4D /* Sources */ = {
			isa = PBXSourcesBuildPhase;
			buildActionMask = 2147483647;
			files = (
				1CCFA52B2665252D00606E4D /* ContentView.swift in Sources */,
				1CCFA55526656E7D00606E4D /* Convenient.swift in Sources */,
				1CCFA5292665252D00606E4D /* CustomFontDemoApp.swift in Sources */,
			);
			runOnlyForDeploymentPostprocessing = 0;
		};
/* End PBXSourcesBuildPhase section */

/* Begin XCBuildConfiguration section */
		1CCFA5322665253500606E4D /* Debug */ = {
			isa = XCBuildConfiguration;
			buildSettings = {
				ALWAYS_SEARCH_USER_PATHS = NO;
				CLANG_ANALYZER_NONNULL = YES;
				CLANG_ANALYZER_NUMBER_OBJECT_CONVERSION = YES_AGGRESSIVE;
				CLANG_CXX_LANGUAGE_STANDARD = "gnu++14";
				CLANG_CXX_LIBRARY = "libc++";
				CLANG_ENABLE_MODULES = YES;
				CLANG_ENABLE_OBJC_ARC = YES;
				CLANG_ENABLE_OBJC_WEAK = YES;
				CLANG_WARN_BLOCK_CAPTURE_AUTORELEASING = YES;
				CLANG_WARN_BOOL_CONVERSION = YES;
				CLANG_WARN_COMMA = YES;
				CLANG_WARN_CONSTANT_CONVERSION = YES;
				CLANG_WARN_DEPRECATED_OBJC_IMPLEMENTATIONS = YES;
				CLANG_WARN_DIRECT_OBJC_ISA_USAGE = YES_ERROR;
				CLANG_WARN_DOCUMENTATION_COMMENTS = YES;
				CLANG_WARN_EMPTY_BODY = YES;
				CLANG_WARN_ENUM_CONVERSION = YES;
				CLANG_WARN_INFINITE_RECURSION = YES;
				CLANG_WARN_INT_CONVERSION = YES;
				CLANG_WARN_NON_LITERAL_NULL_CONVERSION = YES;
				CLANG_WARN_OBJC_IMPLICIT_RETAIN_SELF = YES;
				CLANG_WARN_OBJC_LITERAL_CONVERSION = YES;
				CLANG_WARN_OBJC_ROOT_CLASS = YES_ERROR;
				CLANG_WARN_QUOTED_INCLUDE_IN_FRAMEWORK_HEADER = YES;
				CLANG_WARN_RANGE_LOOP_ANALYSIS = YES;
				CLANG_WARN_STRICT_PROTOTYPES = YES;
				CLANG_WARN_SUSPICIOUS_MOVE = YES;
				CLANG_WARN_UNGUARDED_AVAILABILITY = YES_AGGRESSIVE;
				CLANG_WARN_UNREACHABLE_CODE = YES;
				CLANG_WARN__DUPLICATE_METHOD_MATCH = YES;
				COPY_PHASE_STRIP = NO;
				DEBUG_INFORMATION_FORMAT = dwarf;
				ENABLE_STRICT_OBJC_MSGSEND = YES;
				ENABLE_TESTABILITY = YES;
				GCC_C_LANGUAGE_STANDARD = gnu11;
				GCC_DYNAMIC_NO_PIC = NO;
				GCC_NO_COMMON_BLOCKS = YES;
				GCC_OPTIMIZATION_LEVEL = 0;
				GCC_PREPROCESSOR_DEFINITIONS = (
					"DEBUG=1",
					"$(inherited)",
				);
				GCC_WARN_64_TO_32_BIT_CONVERSION = YES;
				GCC_WARN_ABOUT_RETURN_TYPE = YES_ERROR;
				GCC_WARN_UNDECLARED_SELECTOR = YES;
				GCC_WARN_UNINITIALIZED_AUTOS = YES_AGGRESSIVE;
				GCC_WARN_UNUSED_FUNCTION = YES;
				GCC_WARN_UNUSED_VARIABLE = YES;
				IPHONEOS_DEPLOYMENT_TARGET = 14.4;
				MTL_ENABLE_DEBUG_INFO = INCLUDE_SOURCE;
				MTL_FAST_MATH = YES;
				ONLY_ACTIVE_ARCH = YES;
				SDKROOT = iphoneos;
				SWIFT_ACTIVE_COMPILATION_CONDITIONS = DEBUG;
				SWIFT_OPTIMIZATION_LEVEL = "-Onone";
			};
			name = Debug;
		};
		1CCFA5332665253500606E4D /* Release */ = {
			isa = XCBuildConfiguration;
			buildSettings = {
				ALWAYS_SEARCH_USER_PATHS = NO;
				CLANG_ANALYZER_NONNULL = YES;
				CLANG_ANALYZER_NUMBER_OBJECT_CONVERSION = YES_AGGRESSIVE;
				CLANG_CXX_LANGUAGE_STANDARD = "gnu++14";
				CLANG_CXX_LIBRARY = "libc++";
				CLANG_ENABLE_MODULES = YES;
				CLANG_ENABLE_OBJC_ARC = YES;
				CLANG_ENABLE_OBJC_WEAK = YES;
				CLANG_WARN_BLOCK_CAPTURE_AUTORELEASING = YES;
				CLANG_WARN_BOOL_CONVERSION = YES;
				CLANG_WARN_COMMA = YES;
				CLANG_WARN_CONSTANT_CONVERSION = YES;
				CLANG_WARN_DEPRECATED_OBJC_IMPLEMENTATIONS = YES;
				CLANG_WARN_DIRECT_OBJC_ISA_USAGE = YES_ERROR;
				CLANG_WARN_DOCUMENTATION_COMMENTS = YES;
				CLANG_WARN_EMPTY_BODY = YES;
				CLANG_WARN_ENUM_CONVERSION = YES;
				CLANG_WARN_INFINITE_RECURSION = YES;
				CLANG_WARN_INT_CONVERSION = YES;
				CLANG_WARN_NON_LITERAL_NULL_CONVERSION = YES;
				CLANG_WARN_OBJC_IMPLICIT_RETAIN_SELF = YES;
				CLANG_WARN_OBJC_LITERAL_CONVERSION = YES;
				CLANG_WARN_OBJC_ROOT_CLASS = YES_ERROR;
				CLANG_WARN_QUOTED_INCLUDE_IN_FRAMEWORK_HEADER = YES;
				CLANG_WARN_RANGE_LOOP_ANALYSIS = YES;
				CLANG_WARN_STRICT_PROTOTYPES = YES;
				CLANG_WARN_SUSPICIOUS_MOVE = YES;
				CLANG_WARN_UNGUARDED_AVAILABILITY = YES_AGGRESSIVE;
				CLANG_WARN_UNREACHABLE_CODE = YES;
				CLANG_WARN__DUPLICATE_METHOD_MATCH = YES;
				COPY_PHASE_STRIP = NO;
				DEBUG_INFORMATION_FORMAT = "dwarf-with-dsym";
				ENABLE_NS_ASSERTIONS = NO;
				ENABLE_STRICT_OBJC_MSGSEND = YES;
				GCC_C_LANGUAGE_STANDARD = gnu11;
				GCC_NO_COMMON_BLOCKS = YES;
				GCC_WARN_64_TO_32_BIT_CONVERSION = YES;
				GCC_WARN_ABOUT_RETURN_TYPE = YES_ERROR;
				GCC_WARN_UNDECLARED_SELECTOR = YES;
				GCC_WARN_UNINITIALIZED_AUTOS = YES_AGGRESSIVE;
				GCC_WARN_UNUSED_FUNCTION = YES;
				GCC_WARN_UNUSED_VARIABLE = YES;
				IPHONEOS_DEPLOYMENT_TARGET = 14.4;
				MTL_ENABLE_DEBUG_INFO = NO;
				MTL_FAST_MATH = YES;
				SDKROOT = iphoneos;
				SWIFT_COMPILATION_MODE = wholemodule;
				SWIFT_OPTIMIZATION_LEVEL = "-O";
				VALIDATE_PRODUCT = YES;
			};
			name = Release;
		};
		1CCFA5352665253500606E4D /* Debug */ = {
			isa = XCBuildConfiguration;
			buildSettings = {
				ASSETCATALOG_COMPILER_APPICON_NAME = AppIcon;
				ASSETCATALOG_COMPILER_GLOBAL_ACCENT_COLOR_NAME = AccentColor;
				CODE_SIGN_STYLE = Automatic;
				DEVELOPMENT_ASSET_PATHS = "\"CustomFontDemo/Preview Content\"";
				DEVELOPMENT_TEAM = YYMVH828KC;
				ENABLE_PREVIEWS = YES;
				INFOPLIST_FILE = CustomFontDemo/Info.plist;
				IPHONEOS_DEPLOYMENT_TARGET = 14.0;
				LD_RUNPATH_SEARCH_PATHS = (
					"$(inherited)",
					"@executable_path/Frameworks",
				);
				PRODUCT_BUNDLE_IDENTIFIER = com.anhsonleit.CustomFontDemo;
				PRODUCT_NAME = "$(TARGET_NAME)";
				SWIFT_VERSION = 5.0;
				TARGETED_DEVICE_FAMILY = "1,2";
			};
			name = Debug;
		};
		1CCFA5362665253500606E4D /* Release */ = {
			isa = XCBuildConfiguration;
			buildSettings = {
				ASSETCATALOG_COMPILER_APPICON_NAME = AppIcon;
				ASSETCATALOG_COMPILER_GLOBAL_ACCENT_COLOR_NAME = AccentColor;
				CODE_SIGN_STYLE = Automatic;
				DEVELOPMENT_ASSET_PATHS = "\"CustomFontDemo/Preview Content\"";
				DEVELOPMENT_TEAM = YYMVH828KC;
				ENABLE_PREVIEWS = YES;
				INFOPLIST_FILE = CustomFontDemo/Info.plist;
				IPHONEOS_DEPLOYMENT_TARGET = 14.0;
				LD_RUNPATH_SEARCH_PATHS = (
					"$(inherited)",
					"@executable_path/Frameworks",
				);
				PRODUCT_BUNDLE_IDENTIFIER = com.anhsonleit.CustomFontDemo;
				PRODUCT_NAME = "$(TARGET_NAME)";
				SWIFT_VERSION = 5.0;
				TARGETED_DEVICE_FAMILY = "1,2";
			};
			name = Release;
		};
/* End XCBuildConfiguration section */

/* Begin XCConfigurationList section */
		1CCFA5202665252D00606E4D /* Build configuration list for PBXProject "CustomFontDemo" */ = {
			isa = XCConfigurationList;
			buildConfigurations = (
				1CCFA5322665253500606E4D /* Debug */,
				1CCFA5332665253500606E4D /* Release */,
			);
			defaultConfigurationIsVisible = 0;
			defaultConfigurationName = Release;
		};
		1CCFA5342665253500606E4D /* Build configuration list for PBXNativeTarget "CustomFontDemo" */ = {
			isa = XCConfigurationList;
			buildConfigurations = (
				1CCFA5352665253500606E4D /* Debug */,
				1CCFA5362665253500606E4D /* Release */,
			);
			defaultConfigurationIsVisible = 0;
			defaultConfigurationName = Release;
		};
/* End XCConfigurationList section */
	};
	rootObject = 1CCFA51D2665252D00606E4D /* Project object */;
}
